// !$*UTF8*$!
{
	archiveVersion = 1;
	classes = {
	};
	objectVersion = 50;
	objects = {

/* Begin PBXBuildFile section */
		0344366BE75EA765AF8E23BC3B024243 /* SegmentedPagerTabStripViewController.swift in Sources */ = {isa = PBXBuildFile; fileRef = 2301D861BD905564D1012FE57C3E3EB5 /* SegmentedPagerTabStripViewController.swift */; };
		061ED6C5359AC1902A233D26C96D534D /* ButtonBarViewCell.swift in Sources */ = {isa = PBXBuildFile; fileRef = 85A921414DBE7B40C87D931CD436D5DB /* ButtonBarViewCell.swift */; };
		087A42B5C8F3941501E26817E3C1EF82 /* BarView.swift in Sources */ = {isa = PBXBuildFile; fileRef = 3167DA9D0F42DA1E13D2823DB4172FA5 /* BarView.swift */; };
		0B9DC664CCF5B66CE63F09C937203879 /* ButtonBarPagerTabStripViewController.swift in Sources */ = {isa = PBXBuildFile; fileRef = E3D78BC42755EDEA41D0EFE7EAD90B61 /* ButtonBarPagerTabStripViewController.swift */; };
		0C1FB5E5EEB7A345C5394FC0F044AA7C /* Foundation.framework in Frameworks */ = {isa = PBXBuildFile; fileRef = D88AAE1F92055A60CC2FC970D7D34634 /* Foundation.framework */; };
		1DE16F60BA1A0D63E639A23EBE2D8BD1 /* IndicatorInfo.swift in Sources */ = {isa = PBXBuildFile; fileRef = 9AFEB9986798D80D513012E735025E54 /* IndicatorInfo.swift */; };
		2C734F204A66B53D4793121D962D074B /* PagerTabStripViewController.swift in Sources */ = {isa = PBXBuildFile; fileRef = 0922A4C233956A14DF7FCDF2F584FACE /* PagerTabStripViewController.swift */; };
		304BB4EE00BD1EB9BF7605F1DCF41DDF /* FXPageControl.h in Headers */ = {isa = PBXBuildFile; fileRef = 4A6A65D65B931B96BD9520A7C113DCE0 /* FXPageControl.h */; settings = {ATTRIBUTES = (Public, ); }; };
		3CC6AC588B13B136153FF1606C377158 /* ButtonCell.xib in Sources */ = {isa = PBXBuildFile; fileRef = 3380FD4EE94423360391219E93D91D7E /* ButtonCell.xib */; };
		4E2F8269A6EC54882481C42A54BB2435 /* PagerTabStripBehaviour.swift in Sources */ = {isa = PBXBuildFile; fileRef = 6C21FB8930CECAB6B8676196CB548F80 /* PagerTabStripBehaviour.swift */; };
		50F80EE6ADE6E53716DEF3C236F67209 /* Pods-SlidiningDemo-umbrella.h in Headers */ = {isa = PBXBuildFile; fileRef = FDF16C6E411BDE6FAB732E84BA3B1990 /* Pods-SlidiningDemo-umbrella.h */; settings = {ATTRIBUTES = (Public, ); }; };
		5C7A0BF580359F55C592C3F64D1DB8B6 /* Pods-SlidiningDemo-dummy.m in Sources */ = {isa = PBXBuildFile; fileRef = 2B60FACDA3A7F5681317398696E93B05 /* Pods-SlidiningDemo-dummy.m */; };
		6B35C218BAF91E5D461F1DEE6EE15177 /* XLPagerTabStrip.bundle in Resources */ = {isa = PBXBuildFile; fileRef = 8F318DB0CB09BFA86549E1928FFD0FE7 /* XLPagerTabStrip.bundle */; };
		6D8D1E22FCC5749CCE030FD310AE69EA /* UIKit.framework in Frameworks */ = {isa = PBXBuildFile; fileRef = B63C6A64CF66340668996F78DA6BB482 /* UIKit.framework */; };
		8CBC2C43D6225D004FCAC72C54C9E259 /* ButtonBarView.swift in Sources */ = {isa = PBXBuildFile; fileRef = 6A40B367F2560B8B7294DD87BF9B0AFF /* ButtonBarView.swift */; };
		8EDCF015C5CC2FA5A26580155EA7F2E6 /* SwipeDirection.swift in Sources */ = {isa = PBXBuildFile; fileRef = 684D2E2FB5303F753253069714A5917E /* SwipeDirection.swift */; };
		997212EFF7496828F6A4E4E9D0893350 /* BaseButtonBarPagerTabStripViewController.swift in Sources */ = {isa = PBXBuildFile; fileRef = 55BEC7C99717FA6ECEE914F951BDE53F /* BaseButtonBarPagerTabStripViewController.swift */; };
		AA5C6D49DBAC145E9AFA477C53644B95 /* TwitterPagerTabStripViewController.swift in Sources */ = {isa = PBXBuildFile; fileRef = 8274464CB4D29D6EECC27BAF1C67BAEF /* TwitterPagerTabStripViewController.swift */; };
		B79D000F75ADB0D014F762F2A41323A6 /* XLPagerTabStrip-dummy.m in Sources */ = {isa = PBXBuildFile; fileRef = 42691FBC0EE54044DFC4471781B58300 /* XLPagerTabStrip-dummy.m */; };
		BEC5907A92383732D1868447CC66AC40 /* XLPagerTabStrip-umbrella.h in Headers */ = {isa = PBXBuildFile; fileRef = 9889A0CEFA474D09A45F3981ED4B4D4E /* XLPagerTabStrip-umbrella.h */; settings = {ATTRIBUTES = (Public, ); }; };
		C5A1BC7AA8481C91E598212B1C47C7FB /* PagerTabStripError.swift in Sources */ = {isa = PBXBuildFile; fileRef = 7161ABE8133F59A707855E9EE8310869 /* PagerTabStripError.swift */; };
		D1A6A419B89911605581AA5A1A8B8ADA /* BarPagerTabStripViewController.swift in Sources */ = {isa = PBXBuildFile; fileRef = 0BAFD08E429420867ECCE4F9AA049280 /* BarPagerTabStripViewController.swift */; };
		E0D954AE5736866B1DF46C924A39608C /* FXPageControl.m in Sources */ = {isa = PBXBuildFile; fileRef = D09056B385C6845238E924C970E79039 /* FXPageControl.m */; };
		E32FA6EA02120E77AE4A129A32AC6A7D /* ButtonCell.xib in Resources */ = {isa = PBXBuildFile; fileRef = 3380FD4EE94423360391219E93D91D7E /* ButtonCell.xib */; };
		F789F716CCAC02CE95A43D577E39F3AC /* Foundation.framework in Frameworks */ = {isa = PBXBuildFile; fileRef = D88AAE1F92055A60CC2FC970D7D34634 /* Foundation.framework */; };
/* End PBXBuildFile section */

/* Begin PBXContainerItemProxy section */
		370C14B9B1C18F9D1B910ABD74B989DE /* PBXContainerItemProxy */ = {
			isa = PBXContainerItemProxy;
			containerPortal = D41D8CD98F00B204E9800998ECF8427E /* Project object */;
			proxyType = 1;
			remoteGlobalIDString = FDE664623C43D4FEEBDB5371412C08E9;
			remoteInfo = "XLPagerTabStrip-XLPagerTabStrip";
		};
		99D120314BBD71F384AF311A676A7E3A /* PBXContainerItemProxy */ = {
			isa = PBXContainerItemProxy;
			containerPortal = D41D8CD98F00B204E9800998ECF8427E /* Project object */;
			proxyType = 1;
			remoteGlobalIDString = 1829DA51890D6579D167E0352433D23F;
			remoteInfo = XLPagerTabStrip;
		};
/* End PBXContainerItemProxy section */

/* Begin PBXFileReference section */
		0922A4C233956A14DF7FCDF2F584FACE /* PagerTabStripViewController.swift */ = {isa = PBXFileReference; includeInIndex = 1; lastKnownFileType = sourcecode.swift; name = PagerTabStripViewController.swift; path = Sources/PagerTabStripViewController.swift; sourceTree = "<group>"; };
		0BAFD08E429420867ECCE4F9AA049280 /* BarPagerTabStripViewController.swift */ = {isa = PBXFileReference; includeInIndex = 1; lastKnownFileType = sourcecode.swift; name = BarPagerTabStripViewController.swift; path = Sources/BarPagerTabStripViewController.swift; sourceTree = "<group>"; };
		14345FE9F287CCBBB6FAF1386EF9381D /* XLPagerTabStrip.framework */ = {isa = PBXFileReference; explicitFileType = wrapper.framework; includeInIndex = 0; name = XLPagerTabStrip.framework; path = XLPagerTabStrip.framework; sourceTree = BUILT_PRODUCTS_DIR; };
		2301D861BD905564D1012FE57C3E3EB5 /* SegmentedPagerTabStripViewController.swift */ = {isa = PBXFileReference; includeInIndex = 1; lastKnownFileType = sourcecode.swift; name = SegmentedPagerTabStripViewController.swift; path = Sources/SegmentedPagerTabStripViewController.swift; sourceTree = "<group>"; };
		2B60FACDA3A7F5681317398696E93B05 /* Pods-SlidiningDemo-dummy.m */ = {isa = PBXFileReference; includeInIndex = 1; lastKnownFileType = sourcecode.c.objc; path = "Pods-SlidiningDemo-dummy.m"; sourceTree = "<group>"; };
		3167DA9D0F42DA1E13D2823DB4172FA5 /* BarView.swift */ = {isa = PBXFileReference; includeInIndex = 1; lastKnownFileType = sourcecode.swift; name = BarView.swift; path = Sources/BarView.swift; sourceTree = "<group>"; };
		3380FD4EE94423360391219E93D91D7E /* ButtonCell.xib */ = {isa = PBXFileReference; includeInIndex = 1; lastKnownFileType = file.xib; name = ButtonCell.xib; path = Sources/ButtonCell.xib; sourceTree = "<group>"; };
		3C3B2B6303A4B01D93134B1AF9D79FE1 /* XLPagerTabStrip.modulemap */ = {isa = PBXFileReference; includeInIndex = 1; lastKnownFileType = sourcecode.module; path = XLPagerTabStrip.modulemap; sourceTree = "<group>"; };
		4014AFD6952E9E3DAE7CF8D25563F22C /* Pods-SlidiningDemo-acknowledgements.markdown */ = {isa = PBXFileReference; includeInIndex = 1; lastKnownFileType = text; path = "Pods-SlidiningDemo-acknowledgements.markdown"; sourceTree = "<group>"; };
		42691FBC0EE54044DFC4471781B58300 /* XLPagerTabStrip-dummy.m */ = {isa = PBXFileReference; includeInIndex = 1; lastKnownFileType = sourcecode.c.objc; path = "XLPagerTabStrip-dummy.m"; sourceTree = "<group>"; };
		450E88EA97D70AA7AD3D28B210735BF2 /* ResourceBundle-XLPagerTabStrip-Info.plist */ = {isa = PBXFileReference; includeInIndex = 1; lastKnownFileType = text.plist.xml; path = "ResourceBundle-XLPagerTabStrip-Info.plist"; sourceTree = "<group>"; };
		4A6A65D65B931B96BD9520A7C113DCE0 /* FXPageControl.h */ = {isa = PBXFileReference; includeInIndex = 1; lastKnownFileType = sourcecode.c.h; name = FXPageControl.h; path = Sources/FXPageControl.h; sourceTree = "<group>"; };
		5467C590402A3ECFD1624E46B7846420 /* Info.plist */ = {isa = PBXFileReference; includeInIndex = 1; lastKnownFileType = text.plist.xml; path = Info.plist; sourceTree = "<group>"; };
		55BEC7C99717FA6ECEE914F951BDE53F /* BaseButtonBarPagerTabStripViewController.swift */ = {isa = PBXFileReference; includeInIndex = 1; lastKnownFileType = sourcecode.swift; name = BaseButtonBarPagerTabStripViewController.swift; path = Sources/BaseButtonBarPagerTabStripViewController.swift; sourceTree = "<group>"; };
		684D2E2FB5303F753253069714A5917E /* SwipeDirection.swift */ = {isa = PBXFileReference; includeInIndex = 1; lastKnownFileType = sourcecode.swift; name = SwipeDirection.swift; path = Sources/SwipeDirection.swift; sourceTree = "<group>"; };
		6A40B367F2560B8B7294DD87BF9B0AFF /* ButtonBarView.swift */ = {isa = PBXFileReference; includeInIndex = 1; lastKnownFileType = sourcecode.swift; name = ButtonBarView.swift; path = Sources/ButtonBarView.swift; sourceTree = "<group>"; };
		6C21FB8930CECAB6B8676196CB548F80 /* PagerTabStripBehaviour.swift */ = {isa = PBXFileReference; includeInIndex = 1; lastKnownFileType = sourcecode.swift; name = PagerTabStripBehaviour.swift; path = Sources/PagerTabStripBehaviour.swift; sourceTree = "<group>"; };
		6F5FAB0BFBF663C6571DA528CD50A2BB /* XLPagerTabStrip-prefix.pch */ = {isa = PBXFileReference; includeInIndex = 1; lastKnownFileType = sourcecode.c.h; path = "XLPagerTabStrip-prefix.pch"; sourceTree = "<group>"; };
		7161ABE8133F59A707855E9EE8310869 /* PagerTabStripError.swift */ = {isa = PBXFileReference; includeInIndex = 1; lastKnownFileType = sourcecode.swift; name = PagerTabStripError.swift; path = Sources/PagerTabStripError.swift; sourceTree = "<group>"; };
		74A0C3DF7E6F36AA1C359F1E14CA1207 /* Pods-SlidiningDemo-frameworks.sh */ = {isa = PBXFileReference; includeInIndex = 1; lastKnownFileType = text.script.sh; path = "Pods-SlidiningDemo-frameworks.sh"; sourceTree = "<group>"; };
		8274464CB4D29D6EECC27BAF1C67BAEF /* TwitterPagerTabStripViewController.swift */ = {isa = PBXFileReference; includeInIndex = 1; lastKnownFileType = sourcecode.swift; name = TwitterPagerTabStripViewController.swift; path = Sources/TwitterPagerTabStripViewController.swift; sourceTree = "<group>"; };
		85A921414DBE7B40C87D931CD436D5DB /* ButtonBarViewCell.swift */ = {isa = PBXFileReference; includeInIndex = 1; lastKnownFileType = sourcecode.swift; name = ButtonBarViewCell.swift; path = Sources/ButtonBarViewCell.swift; sourceTree = "<group>"; };
		882A50D9B56A9BACFC985CEEF6E20581 /* Pods-SlidiningDemo-resources.sh */ = {isa = PBXFileReference; includeInIndex = 1; lastKnownFileType = text.script.sh; path = "Pods-SlidiningDemo-resources.sh"; sourceTree = "<group>"; };
		8F318DB0CB09BFA86549E1928FFD0FE7 /* XLPagerTabStrip.bundle */ = {isa = PBXFileReference; explicitFileType = wrapper.cfbundle; includeInIndex = 0; name = XLPagerTabStrip.bundle; path = "XLPagerTabStrip-XLPagerTabStrip.bundle"; sourceTree = BUILT_PRODUCTS_DIR; };
		93A4A3777CF96A4AAC1D13BA6DCCEA73 /* Podfile */ = {isa = PBXFileReference; explicitFileType = text.script.ruby; includeInIndex = 1; lastKnownFileType = text; name = Podfile; path = ../Podfile; sourceTree = SOURCE_ROOT; xcLanguageSpecificationIdentifier = xcode.lang.ruby; };
		9889A0CEFA474D09A45F3981ED4B4D4E /* XLPagerTabStrip-umbrella.h */ = {isa = PBXFileReference; includeInIndex = 1; lastKnownFileType = sourcecode.c.h; path = "XLPagerTabStrip-umbrella.h"; sourceTree = "<group>"; };
		9AFEB9986798D80D513012E735025E54 /* IndicatorInfo.swift */ = {isa = PBXFileReference; includeInIndex = 1; lastKnownFileType = sourcecode.swift; name = IndicatorInfo.swift; path = Sources/IndicatorInfo.swift; sourceTree = "<group>"; };
		A51C7CBDA95E0FCB4DBA3A4CCF903C36 /* XLPagerTabStrip.xcconfig */ = {isa = PBXFileReference; includeInIndex = 1; lastKnownFileType = text.xcconfig; path = XLPagerTabStrip.xcconfig; sourceTree = "<group>"; };
		B313DD5575B915FB56C0C41A1D3D6761 /* Pods-SlidiningDemo.modulemap */ = {isa = PBXFileReference; includeInIndex = 1; lastKnownFileType = sourcecode.module; path = "Pods-SlidiningDemo.modulemap"; sourceTree = "<group>"; };
		B63C6A64CF66340668996F78DA6BB482 /* UIKit.framework */ = {isa = PBXFileReference; lastKnownFileType = wrapper.framework; name = UIKit.framework; path = Platforms/iPhoneOS.platform/Developer/SDKs/iPhoneOS10.3.sdk/System/Library/Frameworks/UIKit.framework; sourceTree = DEVELOPER_DIR; };
		BAB9B0E76354919CD3D743FBA058029E /* Pods-SlidiningDemo.debug.xcconfig */ = {isa = PBXFileReference; includeInIndex = 1; lastKnownFileType = text.xcconfig; path = "Pods-SlidiningDemo.debug.xcconfig"; sourceTree = "<group>"; };
		BD4EE905090C233A721105FBA73A53A4 /* Info.plist */ = {isa = PBXFileReference; includeInIndex = 1; lastKnownFileType = text.plist.xml; path = Info.plist; sourceTree = "<group>"; };
		D09056B385C6845238E924C970E79039 /* FXPageControl.m */ = {isa = PBXFileReference; includeInIndex = 1; lastKnownFileType = sourcecode.c.objc; name = FXPageControl.m; path = Sources/FXPageControl.m; sourceTree = "<group>"; };
		D27445AE106574902C82C99C2637EDFF /* Pods-SlidiningDemo-acknowledgements.plist */ = {isa = PBXFileReference; includeInIndex = 1; lastKnownFileType = text.plist.xml; path = "Pods-SlidiningDemo-acknowledgements.plist"; sourceTree = "<group>"; };
		D88AAE1F92055A60CC2FC970D7D34634 /* Foundation.framework */ = {isa = PBXFileReference; lastKnownFileType = wrapper.framework; name = Foundation.framework; path = Platforms/iPhoneOS.platform/Developer/SDKs/iPhoneOS10.3.sdk/System/Library/Frameworks/Foundation.framework; sourceTree = DEVELOPER_DIR; };
		E3864EEA4CDE1861BEEC54DDC1D3BE38 /* Pods-SlidiningDemo.release.xcconfig */ = {isa = PBXFileReference; includeInIndex = 1; lastKnownFileType = text.xcconfig; path = "Pods-SlidiningDemo.release.xcconfig"; sourceTree = "<group>"; };
		E3D78BC42755EDEA41D0EFE7EAD90B61 /* ButtonBarPagerTabStripViewController.swift */ = {isa = PBXFileReference; includeInIndex = 1; lastKnownFileType = sourcecode.swift; name = ButtonBarPagerTabStripViewController.swift; path = Sources/ButtonBarPagerTabStripViewController.swift; sourceTree = "<group>"; };
		EC0258A2D7A675F5197B1C05C7C85097 /* Pods_SlidiningDemo.framework */ = {isa = PBXFileReference; explicitFileType = wrapper.framework; includeInIndex = 0; name = Pods_SlidiningDemo.framework; path = "Pods-SlidiningDemo.framework"; sourceTree = BUILT_PRODUCTS_DIR; };
		FDF16C6E411BDE6FAB732E84BA3B1990 /* Pods-SlidiningDemo-umbrella.h */ = {isa = PBXFileReference; includeInIndex = 1; lastKnownFileType = sourcecode.c.h; path = "Pods-SlidiningDemo-umbrella.h"; sourceTree = "<group>"; };
/* End PBXFileReference section */

/* Begin PBXFrameworksBuildPhase section */
		74AFD348E3F319C9DC6ED2EF0155EEC4 /* Frameworks */ = {
			isa = PBXFrameworksBuildPhase;
			buildActionMask = 2147483647;
			files = (
				0C1FB5E5EEB7A345C5394FC0F044AA7C /* Foundation.framework in Frameworks */,
				6D8D1E22FCC5749CCE030FD310AE69EA /* UIKit.framework in Frameworks */,
			);
			runOnlyForDeploymentPostprocessing = 0;
		};
		A39604182F9DEED75B31476222C4EFDB /* Frameworks */ = {
			isa = PBXFrameworksBuildPhase;
			buildActionMask = 2147483647;
			files = (
			);
			runOnlyForDeploymentPostprocessing = 0;
		};
		D56C19535FF7F272D50E187C59C10F70 /* Frameworks */ = {
			isa = PBXFrameworksBuildPhase;
			buildActionMask = 2147483647;
			files = (
				F789F716CCAC02CE95A43D577E39F3AC /* Foundation.framework in Frameworks */,
			);
			runOnlyForDeploymentPostprocessing = 0;
		};
/* End PBXFrameworksBuildPhase section */

/* Begin PBXGroup section */
		22B92CD19340AE782B2DF637AC554A94 /* Pods-SlidiningDemo */ = {
			isa = PBXGroup;
			children = (
				BD4EE905090C233A721105FBA73A53A4 /* Info.plist */,
				B313DD5575B915FB56C0C41A1D3D6761 /* Pods-SlidiningDemo.modulemap */,
				4014AFD6952E9E3DAE7CF8D25563F22C /* Pods-SlidiningDemo-acknowledgements.markdown */,
				D27445AE106574902C82C99C2637EDFF /* Pods-SlidiningDemo-acknowledgements.plist */,
				2B60FACDA3A7F5681317398696E93B05 /* Pods-SlidiningDemo-dummy.m */,
				74A0C3DF7E6F36AA1C359F1E14CA1207 /* Pods-SlidiningDemo-frameworks.sh */,
				882A50D9B56A9BACFC985CEEF6E20581 /* Pods-SlidiningDemo-resources.sh */,
				FDF16C6E411BDE6FAB732E84BA3B1990 /* Pods-SlidiningDemo-umbrella.h */,
				BAB9B0E76354919CD3D743FBA058029E /* Pods-SlidiningDemo.debug.xcconfig */,
				E3864EEA4CDE1861BEEC54DDC1D3BE38 /* Pods-SlidiningDemo.release.xcconfig */,
			);
			name = "Pods-SlidiningDemo";
			path = "Target Support Files/Pods-SlidiningDemo";
			sourceTree = "<group>";
		};
		433CD3331B6C3787F473C941B61FC68F /* Frameworks */ = {
			isa = PBXGroup;
			children = (
				438B396F6B4147076630CAEFE34282C1 /* iOS */,
			);
			name = Frameworks;
			sourceTree = "<group>";
		};
		438B396F6B4147076630CAEFE34282C1 /* iOS */ = {
			isa = PBXGroup;
			children = (
				D88AAE1F92055A60CC2FC970D7D34634 /* Foundation.framework */,
				B63C6A64CF66340668996F78DA6BB482 /* UIKit.framework */,
			);
			name = iOS;
			sourceTree = "<group>";
		};
		6241BE7788101BF903AF9F3F0106C548 /* Products */ = {
			isa = PBXGroup;
			children = (
				EC0258A2D7A675F5197B1C05C7C85097 /* Pods_SlidiningDemo.framework */,
				8F318DB0CB09BFA86549E1928FFD0FE7 /* XLPagerTabStrip.bundle */,
				14345FE9F287CCBBB6FAF1386EF9381D /* XLPagerTabStrip.framework */,
			);
			name = Products;
			sourceTree = "<group>";
		};
		6F279CE01DF8ECCB2A17E1140B30A36A /* Targets Support Files */ = {
			isa = PBXGroup;
			children = (
				22B92CD19340AE782B2DF637AC554A94 /* Pods-SlidiningDemo */,
			);
			name = "Targets Support Files";
			sourceTree = "<group>";
		};
		7DB346D0F39D3F0E887471402A8071AB = {
			isa = PBXGroup;
			children = (
				93A4A3777CF96A4AAC1D13BA6DCCEA73 /* Podfile */,
				433CD3331B6C3787F473C941B61FC68F /* Frameworks */,
				9AE3A07843C8C778ED30586199E24910 /* Pods */,
				6241BE7788101BF903AF9F3F0106C548 /* Products */,
				6F279CE01DF8ECCB2A17E1140B30A36A /* Targets Support Files */,
			);
			sourceTree = "<group>";
		};
		91A3E4479F64C52054C9A0200270EFFA /* Support Files */ = {
			isa = PBXGroup;
			children = (
				5467C590402A3ECFD1624E46B7846420 /* Info.plist */,
				450E88EA97D70AA7AD3D28B210735BF2 /* ResourceBundle-XLPagerTabStrip-Info.plist */,
				3C3B2B6303A4B01D93134B1AF9D79FE1 /* XLPagerTabStrip.modulemap */,
				A51C7CBDA95E0FCB4DBA3A4CCF903C36 /* XLPagerTabStrip.xcconfig */,
				42691FBC0EE54044DFC4471781B58300 /* XLPagerTabStrip-dummy.m */,
				6F5FAB0BFBF663C6571DA528CD50A2BB /* XLPagerTabStrip-prefix.pch */,
				9889A0CEFA474D09A45F3981ED4B4D4E /* XLPagerTabStrip-umbrella.h */,
			);
			name = "Support Files";
			path = "../Target Support Files/XLPagerTabStrip";
			sourceTree = "<group>";
		};
		9AE3A07843C8C778ED30586199E24910 /* Pods */ = {
			isa = PBXGroup;
			children = (
				9CFC1CBA04529E35BB275B9E08F32A8D /* XLPagerTabStrip */,
			);
			name = Pods;
			sourceTree = "<group>";
		};
		9CFC1CBA04529E35BB275B9E08F32A8D /* XLPagerTabStrip */ = {
			isa = PBXGroup;
			children = (
				0BAFD08E429420867ECCE4F9AA049280 /* BarPagerTabStripViewController.swift */,
				3167DA9D0F42DA1E13D2823DB4172FA5 /* BarView.swift */,
				55BEC7C99717FA6ECEE914F951BDE53F /* BaseButtonBarPagerTabStripViewController.swift */,
				E3D78BC42755EDEA41D0EFE7EAD90B61 /* ButtonBarPagerTabStripViewController.swift */,
				6A40B367F2560B8B7294DD87BF9B0AFF /* ButtonBarView.swift */,
				85A921414DBE7B40C87D931CD436D5DB /* ButtonBarViewCell.swift */,
				3380FD4EE94423360391219E93D91D7E /* ButtonCell.xib */,
				4A6A65D65B931B96BD9520A7C113DCE0 /* FXPageControl.h */,
				D09056B385C6845238E924C970E79039 /* FXPageControl.m */,
				9AFEB9986798D80D513012E735025E54 /* IndicatorInfo.swift */,
				6C21FB8930CECAB6B8676196CB548F80 /* PagerTabStripBehaviour.swift */,
				7161ABE8133F59A707855E9EE8310869 /* PagerTabStripError.swift */,
				0922A4C233956A14DF7FCDF2F584FACE /* PagerTabStripViewController.swift */,
				2301D861BD905564D1012FE57C3E3EB5 /* SegmentedPagerTabStripViewController.swift */,
				684D2E2FB5303F753253069714A5917E /* SwipeDirection.swift */,
				8274464CB4D29D6EECC27BAF1C67BAEF /* TwitterPagerTabStripViewController.swift */,
				B08F44A04415396C5E21D2DDAEDE5987 /* Resources */,
				91A3E4479F64C52054C9A0200270EFFA /* Support Files */,
			);
			name = XLPagerTabStrip;
			path = XLPagerTabStrip;
			sourceTree = "<group>";
		};
		B08F44A04415396C5E21D2DDAEDE5987 /* Resources */ = {
			isa = PBXGroup;
			children = (
			);
			name = Resources;
			sourceTree = "<group>";
		};
/* End PBXGroup section */

/* Begin PBXHeadersBuildPhase section */
		2E6335ECBE627040FDFF54A2425CBD62 /* Headers */ = {
			isa = PBXHeadersBuildPhase;
			buildActionMask = 2147483647;
			files = (
				50F80EE6ADE6E53716DEF3C236F67209 /* Pods-SlidiningDemo-umbrella.h in Headers */,
			);
			runOnlyForDeploymentPostprocessing = 0;
		};
		D5849B5A566B30C1C23D02FDBA2F9390 /* Headers */ = {
			isa = PBXHeadersBuildPhase;
			buildActionMask = 2147483647;
			files = (
				304BB4EE00BD1EB9BF7605F1DCF41DDF /* FXPageControl.h in Headers */,
				BEC5907A92383732D1868447CC66AC40 /* XLPagerTabStrip-umbrella.h in Headers */,
			);
			runOnlyForDeploymentPostprocessing = 0;
		};
/* End PBXHeadersBuildPhase section */

/* Begin PBXNativeTarget section */
		1574546B97FB2141BDCCE84221A992A1 /* Pods-SlidiningDemo */ = {
			isa = PBXNativeTarget;
			buildConfigurationList = EBEA117E7C0D926AC6BF01AB5549A740 /* Build configuration list for PBXNativeTarget "Pods-SlidiningDemo" */;
			buildPhases = (
				3CA5D5261BD2B2AB663B9B1A9BE908AC /* Sources */,
				D56C19535FF7F272D50E187C59C10F70 /* Frameworks */,
				2E6335ECBE627040FDFF54A2425CBD62 /* Headers */,
			);
			buildRules = (
			);
			dependencies = (
				82F50150249E2AC63994CEFA84F2EBFF /* PBXTargetDependency */,
			);
			name = "Pods-SlidiningDemo";
			productName = "Pods-SlidiningDemo";
			productReference = EC0258A2D7A675F5197B1C05C7C85097 /* Pods_SlidiningDemo.framework */;
			productType = "com.apple.product-type.framework";
		};
		1829DA51890D6579D167E0352433D23F /* XLPagerTabStrip */ = {
			isa = PBXNativeTarget;
			buildConfigurationList = F13C7385F8C98CAC3254228664ACD69E /* Build configuration list for PBXNativeTarget "XLPagerTabStrip" */;
			buildPhases = (
				62B92C0CAF8066935C122A78A9C4FA77 /* Sources */,
				74AFD348E3F319C9DC6ED2EF0155EEC4 /* Frameworks */,
				BA88301A8DE64A40EE4806C5102EDE13 /* Resources */,
				D5849B5A566B30C1C23D02FDBA2F9390 /* Headers */,
			);
			buildRules = (
			);
			dependencies = (
				DD2C4F24A1822DFD7A885E32F71B740B /* PBXTargetDependency */,
			);
			name = XLPagerTabStrip;
			productName = XLPagerTabStrip;
			productReference = 14345FE9F287CCBBB6FAF1386EF9381D /* XLPagerTabStrip.framework */;
			productType = "com.apple.product-type.framework";
		};
		FDE664623C43D4FEEBDB5371412C08E9 /* XLPagerTabStrip-XLPagerTabStrip */ = {
			isa = PBXNativeTarget;
			buildConfigurationList = BC20A7535B5B32096C5DBFD0FA44DC2C /* Build configuration list for PBXNativeTarget "XLPagerTabStrip-XLPagerTabStrip" */;
			buildPhases = (
				F37D49DF49ECEC08810F99A5E6715179 /* Sources */,
				A39604182F9DEED75B31476222C4EFDB /* Frameworks */,
				539E5F6992484BC684B88C2B02663D43 /* Resources */,
			);
			buildRules = (
			);
			dependencies = (
			);
			name = "XLPagerTabStrip-XLPagerTabStrip";
			productName = "XLPagerTabStrip-XLPagerTabStrip";
			productReference = 8F318DB0CB09BFA86549E1928FFD0FE7 /* XLPagerTabStrip.bundle */;
			productType = "com.apple.product-type.bundle";
		};
/* End PBXNativeTarget section */

/* Begin PBXProject section */
		D41D8CD98F00B204E9800998ECF8427E /* Project object */ = {
			isa = PBXProject;
			attributes = {
				LastSwiftUpdateCheck = 0930;
				LastUpgradeCheck = 0930;
			};
			buildConfigurationList = 2D8E8EC45A3A1A1D94AE762CB5028504 /* Build configuration list for PBXProject "Pods" */;
			compatibilityVersion = "Xcode 3.2";
			developmentRegion = English;
			hasScannedForEncodings = 0;
			knownRegions = (
				en,
			);
			mainGroup = 7DB346D0F39D3F0E887471402A8071AB;
			productRefGroup = 6241BE7788101BF903AF9F3F0106C548 /* Products */;
			projectDirPath = "";
			projectRoot = "";
			targets = (
				1574546B97FB2141BDCCE84221A992A1 /* Pods-SlidiningDemo */,
				1829DA51890D6579D167E0352433D23F /* XLPagerTabStrip */,
				FDE664623C43D4FEEBDB5371412C08E9 /* XLPagerTabStrip-XLPagerTabStrip */,
			);
		};
/* End PBXProject section */

/* Begin PBXResourcesBuildPhase section */
		539E5F6992484BC684B88C2B02663D43 /* Resources */ = {
			isa = PBXResourcesBuildPhase;
			buildActionMask = 2147483647;
			files = (
				E32FA6EA02120E77AE4A129A32AC6A7D /* ButtonCell.xib in Resources */,
			);
			runOnlyForDeploymentPostprocessing = 0;
		};
		BA88301A8DE64A40EE4806C5102EDE13 /* Resources */ = {
			isa = PBXResourcesBuildPhase;
			buildActionMask = 2147483647;
			files = (
				6B35C218BAF91E5D461F1DEE6EE15177 /* XLPagerTabStrip.bundle in Resources */,
			);
			runOnlyForDeploymentPostprocessing = 0;
		};
/* End PBXResourcesBuildPhase section */

/* Begin PBXSourcesBuildPhase section */
		3CA5D5261BD2B2AB663B9B1A9BE908AC /* Sources */ = {
			isa = PBXSourcesBuildPhase;
			buildActionMask = 2147483647;
			files = (
				5C7A0BF580359F55C592C3F64D1DB8B6 /* Pods-SlidiningDemo-dummy.m in Sources */,
			);
			runOnlyForDeploymentPostprocessing = 0;
		};
		62B92C0CAF8066935C122A78A9C4FA77 /* Sources */ = {
			isa = PBXSourcesBuildPhase;
			buildActionMask = 2147483647;
			files = (
				D1A6A419B89911605581AA5A1A8B8ADA /* BarPagerTabStripViewController.swift in Sources */,
				087A42B5C8F3941501E26817E3C1EF82 /* BarView.swift in Sources */,
				997212EFF7496828F6A4E4E9D0893350 /* BaseButtonBarPagerTabStripViewController.swift in Sources */,
				0B9DC664CCF5B66CE63F09C937203879 /* ButtonBarPagerTabStripViewController.swift in Sources */,
				8CBC2C43D6225D004FCAC72C54C9E259 /* ButtonBarView.swift in Sources */,
				061ED6C5359AC1902A233D26C96D534D /* ButtonBarViewCell.swift in Sources */,
				3CC6AC588B13B136153FF1606C377158 /* ButtonCell.xib in Sources */,
				E0D954AE5736866B1DF46C924A39608C /* FXPageControl.m in Sources */,
				1DE16F60BA1A0D63E639A23EBE2D8BD1 /* IndicatorInfo.swift in Sources */,
				4E2F8269A6EC54882481C42A54BB2435 /* PagerTabStripBehaviour.swift in Sources */,
				C5A1BC7AA8481C91E598212B1C47C7FB /* PagerTabStripError.swift in Sources */,
				2C734F204A66B53D4793121D962D074B /* PagerTabStripViewController.swift in Sources */,
				0344366BE75EA765AF8E23BC3B024243 /* SegmentedPagerTabStripViewController.swift in Sources */,
				8EDCF015C5CC2FA5A26580155EA7F2E6 /* SwipeDirection.swift in Sources */,
				AA5C6D49DBAC145E9AFA477C53644B95 /* TwitterPagerTabStripViewController.swift in Sources */,
				B79D000F75ADB0D014F762F2A41323A6 /* XLPagerTabStrip-dummy.m in Sources */,
			);
			runOnlyForDeploymentPostprocessing = 0;
		};
		F37D49DF49ECEC08810F99A5E6715179 /* Sources */ = {
			isa = PBXSourcesBuildPhase;
			buildActionMask = 2147483647;
			files = (
			);
			runOnlyForDeploymentPostprocessing = 0;
		};
/* End PBXSourcesBuildPhase section */

/* Begin PBXTargetDependency section */
		82F50150249E2AC63994CEFA84F2EBFF /* PBXTargetDependency */ = {
			isa = PBXTargetDependency;
			name = XLPagerTabStrip;
			target = 1829DA51890D6579D167E0352433D23F /* XLPagerTabStrip */;
			targetProxy = 99D120314BBD71F384AF311A676A7E3A /* PBXContainerItemProxy */;
		};
		DD2C4F24A1822DFD7A885E32F71B740B /* PBXTargetDependency */ = {
			isa = PBXTargetDependency;
			name = "XLPagerTabStrip-XLPagerTabStrip";
			target = FDE664623C43D4FEEBDB5371412C08E9 /* XLPagerTabStrip-XLPagerTabStrip */;
			targetProxy = 370C14B9B1C18F9D1B910ABD74B989DE /* PBXContainerItemProxy */;
		};
/* End PBXTargetDependency section */

/* Begin XCBuildConfiguration section */
		5DC0083F57E9AB706B46C5B5D73B38D8 /* Debug */ = {
			isa = XCBuildConfiguration;
			buildSettings = {
				ALWAYS_SEARCH_USER_PATHS = NO;
				CLANG_ANALYZER_NONNULL = YES;
				CLANG_ANALYZER_NUMBER_OBJECT_CONVERSION = YES_AGGRESSIVE;
				CLANG_CXX_LANGUAGE_STANDARD = "gnu++14";
				CLANG_CXX_LIBRARY = "libc++";
				CLANG_ENABLE_MODULES = YES;
				CLANG_ENABLE_OBJC_ARC = YES;
				CLANG_ENABLE_OBJC_WEAK = YES;
				CLANG_WARN_BLOCK_CAPTURE_AUTORELEASING = YES;
				CLANG_WARN_BOOL_CONVERSION = YES;
				CLANG_WARN_COMMA = YES;
				CLANG_WARN_CONSTANT_CONVERSION = YES;
				CLANG_WARN_DEPRECATED_OBJC_IMPLEMENTATIONS = YES;
				CLANG_WARN_DIRECT_OBJC_ISA_USAGE = YES_ERROR;
				CLANG_WARN_DOCUMENTATION_COMMENTS = YES;
				CLANG_WARN_EMPTY_BODY = YES;
				CLANG_WARN_ENUM_CONVERSION = YES;
				CLANG_WARN_INFINITE_RECURSION = YES;
				CLANG_WARN_INT_CONVERSION = YES;
				CLANG_WARN_NON_LITERAL_NULL_CONVERSION = YES;
				CLANG_WARN_OBJC_IMPLICIT_RETAIN_SELF = YES;
				CLANG_WARN_OBJC_LITERAL_CONVERSION = YES;
				CLANG_WARN_OBJC_ROOT_CLASS = YES_ERROR;
				CLANG_WARN_RANGE_LOOP_ANALYSIS = YES;
				CLANG_WARN_STRICT_PROTOTYPES = YES;
				CLANG_WARN_SUSPICIOUS_MOVE = YES;
				CLANG_WARN_UNGUARDED_AVAILABILITY = YES_AGGRESSIVE;
				CLANG_WARN_UNREACHABLE_CODE = YES;
				CLANG_WARN__DUPLICATE_METHOD_MATCH = YES;
				CODE_SIGNING_ALLOWED = NO;
				CODE_SIGNING_REQUIRED = NO;
				COPY_PHASE_STRIP = NO;
				DEBUG_INFORMATION_FORMAT = dwarf;
				ENABLE_STRICT_OBJC_MSGSEND = YES;
				ENABLE_TESTABILITY = YES;
				GCC_C_LANGUAGE_STANDARD = gnu11;
				GCC_DYNAMIC_NO_PIC = NO;
				GCC_NO_COMMON_BLOCKS = YES;
				GCC_OPTIMIZATION_LEVEL = 0;
				GCC_PREPROCESSOR_DEFINITIONS = (
					"POD_CONFIGURATION_DEBUG=1",
					"DEBUG=1",
					"$(inherited)",
				);
				GCC_WARN_64_TO_32_BIT_CONVERSION = YES;
				GCC_WARN_ABOUT_RETURN_TYPE = YES_ERROR;
				GCC_WARN_UNDECLARED_SELECTOR = YES;
				GCC_WARN_UNINITIALIZED_AUTOS = YES_AGGRESSIVE;
				GCC_WARN_UNUSED_FUNCTION = YES;
				GCC_WARN_UNUSED_VARIABLE = YES;
				IPHONEOS_DEPLOYMENT_TARGET = 11.4;
				MTL_ENABLE_DEBUG_INFO = YES;
				ONLY_ACTIVE_ARCH = YES;
				PRODUCT_NAME = "$(TARGET_NAME)";
				STRIP_INSTALLED_PRODUCT = NO;
				SWIFT_ACTIVE_COMPILATION_CONDITIONS = DEBUG;
				SYMROOT = "${SRCROOT}/../build";
			};
			name = Debug;
		};
		7EF23816E43463BEF0E95E530B97DCFA /* Debug */ = {
			isa = XCBuildConfiguration;
			baseConfigurationReference = A51C7CBDA95E0FCB4DBA3A4CCF903C36 /* XLPagerTabStrip.xcconfig */;
			buildSettings = {
				CODE_SIGN_IDENTITY = "iPhone Developer";
				CONFIGURATION_BUILD_DIR = "$(BUILD_DIR)/$(CONFIGURATION)$(EFFECTIVE_PLATFORM_NAME)/XLPagerTabStrip";
				INFOPLIST_FILE = "Target Support Files/XLPagerTabStrip/ResourceBundle-XLPagerTabStrip-Info.plist";
				IPHONEOS_DEPLOYMENT_TARGET = 8.0;
				PRODUCT_NAME = XLPagerTabStrip;
				SDKROOT = iphoneos;
				SKIP_INSTALL = YES;
				TARGETED_DEVICE_FAMILY = "1,2";
				WRAPPER_EXTENSION = bundle;
			};
			name = Debug;
		};
		AEEA80476F98EB645C4DD53EB2BB6D88 /* Release */ = {
			isa = XCBuildConfiguration;
			buildSettings = {
				ALWAYS_SEARCH_USER_PATHS = NO;
				CLANG_ANALYZER_NONNULL = YES;
				CLANG_ANALYZER_NUMBER_OBJECT_CONVERSION = YES_AGGRESSIVE;
				CLANG_CXX_LANGUAGE_STANDARD = "gnu++14";
				CLANG_CXX_LIBRARY = "libc++";
				CLANG_ENABLE_MODULES = YES;
				CLANG_ENABLE_OBJC_ARC = YES;
				CLANG_ENABLE_OBJC_WEAK = YES;
				CLANG_WARN_BLOCK_CAPTURE_AUTORELEASING = YES;
				CLANG_WARN_BOOL_CONVERSION = YES;
				CLANG_WARN_COMMA = YES;
				CLANG_WARN_CONSTANT_CONVERSION = YES;
				CLANG_WARN_DEPRECATED_OBJC_IMPLEMENTATIONS = YES;
				CLANG_WARN_DIRECT_OBJC_ISA_USAGE = YES_ERROR;
				CLANG_WARN_DOCUMENTATION_COMMENTS = YES;
				CLANG_WARN_EMPTY_BODY = YES;
				CLANG_WARN_ENUM_CONVERSION = YES;
				CLANG_WARN_INFINITE_RECURSION = YES;
				CLANG_WARN_INT_CONVERSION = YES;
				CLANG_WARN_NON_LITERAL_NULL_CONVERSION = YES;
				CLANG_WARN_OBJC_IMPLICIT_RETAIN_SELF = YES;
				CLANG_WARN_OBJC_LITERAL_CONVERSION = YES;
				CLANG_WARN_OBJC_ROOT_CLASS = YES_ERROR;
				CLANG_WARN_RANGE_LOOP_ANALYSIS = YES;
				CLANG_WARN_STRICT_PROTOTYPES = YES;
				CLANG_WARN_SUSPICIOUS_MOVE = YES;
				CLANG_WARN_UNGUARDED_AVAILABILITY = YES_AGGRESSIVE;
				CLANG_WARN_UNREACHABLE_CODE = YES;
				CLANG_WARN__DUPLICATE_METHOD_MATCH = YES;
				CODE_SIGNING_ALLOWED = NO;
				CODE_SIGNING_REQUIRED = NO;
				COPY_PHASE_STRIP = NO;
				DEBUG_INFORMATION_FORMAT = "dwarf-with-dsym";
				ENABLE_NS_ASSERTIONS = NO;
				ENABLE_STRICT_OBJC_MSGSEND = YES;
				GCC_C_LANGUAGE_STANDARD = gnu11;
				GCC_NO_COMMON_BLOCKS = YES;
				GCC_PREPROCESSOR_DEFINITIONS = (
					"POD_CONFIGURATION_RELEASE=1",
					"$(inherited)",
				);
				GCC_WARN_64_TO_32_BIT_CONVERSION = YES;
				GCC_WARN_ABOUT_RETURN_TYPE = YES_ERROR;
				GCC_WARN_UNDECLARED_SELECTOR = YES;
				GCC_WARN_UNINITIALIZED_AUTOS = YES_AGGRESSIVE;
				GCC_WARN_UNUSED_FUNCTION = YES;
				GCC_WARN_UNUSED_VARIABLE = YES;
				IPHONEOS_DEPLOYMENT_TARGET = 11.4;
				MTL_ENABLE_DEBUG_INFO = NO;
				PRODUCT_NAME = "$(TARGET_NAME)";
				STRIP_INSTALLED_PRODUCT = NO;
				SYMROOT = "${SRCROOT}/../build";
			};
			name = Release;
		};
		BF3F880035A8609738313A731CDBD729 /* Release */ = {
			isa = XCBuildConfiguration;
			baseConfigurationReference = A51C7CBDA95E0FCB4DBA3A4CCF903C36 /* XLPagerTabStrip.xcconfig */;
			buildSettings = {
				CODE_SIGN_IDENTITY = "";
				"CODE_SIGN_IDENTITY[sdk=appletvos*]" = "";
				"CODE_SIGN_IDENTITY[sdk=iphoneos*]" = "";
				"CODE_SIGN_IDENTITY[sdk=watchos*]" = "";
				CURRENT_PROJECT_VERSION = 1;
				DEFINES_MODULE = YES;
				DYLIB_COMPATIBILITY_VERSION = 1;
				DYLIB_CURRENT_VERSION = 1;
				DYLIB_INSTALL_NAME_BASE = "@rpath";
				GCC_PREFIX_HEADER = "Target Support Files/XLPagerTabStrip/XLPagerTabStrip-prefix.pch";
				INFOPLIST_FILE = "Target Support Files/XLPagerTabStrip/Info.plist";
				INSTALL_PATH = "$(LOCAL_LIBRARY_DIR)/Frameworks";
				IPHONEOS_DEPLOYMENT_TARGET = 8.0;
				LD_RUNPATH_SEARCH_PATHS = "$(inherited) @executable_path/Frameworks @loader_path/Frameworks";
				MODULEMAP_FILE = "Target Support Files/XLPagerTabStrip/XLPagerTabStrip.modulemap";
				PRODUCT_MODULE_NAME = XLPagerTabStrip;
				PRODUCT_NAME = XLPagerTabStrip;
				SDKROOT = iphoneos;
				SKIP_INSTALL = YES;
				SWIFT_ACTIVE_COMPILATION_CONDITIONS = "$(inherited) ";
				SWIFT_OPTIMIZATION_LEVEL = "-Owholemodule";
				SWIFT_VERSION = 4.0;
				TARGETED_DEVICE_FAMILY = "1,2";
				VALIDATE_PRODUCT = YES;
				VERSIONING_SYSTEM = "apple-generic";
				VERSION_INFO_PREFIX = "";
			};
			name = Release;
		};
		BFDB2953BFECEA79A26DAC95FA0658C2 /* Debug */ = {
			isa = XCBuildConfiguration;
			baseConfigurationReference = A51C7CBDA95E0FCB4DBA3A4CCF903C36 /* XLPagerTabStrip.xcconfig */;
			buildSettings = {
				CODE_SIGN_IDENTITY = "";
				"CODE_SIGN_IDENTITY[sdk=appletvos*]" = "";
				"CODE_SIGN_IDENTITY[sdk=iphoneos*]" = "";
				"CODE_SIGN_IDENTITY[sdk=watchos*]" = "";
				CURRENT_PROJECT_VERSION = 1;
				DEFINES_MODULE = YES;
				DYLIB_COMPATIBILITY_VERSION = 1;
				DYLIB_CURRENT_VERSION = 1;
				DYLIB_INSTALL_NAME_BASE = "@rpath";
				GCC_PREFIX_HEADER = "Target Support Files/XLPagerTabStrip/XLPagerTabStrip-prefix.pch";
				INFOPLIST_FILE = "Target Support Files/XLPagerTabStrip/Info.plist";
				INSTALL_PATH = "$(LOCAL_LIBRARY_DIR)/Frameworks";
				IPHONEOS_DEPLOYMENT_TARGET = 8.0;
				LD_RUNPATH_SEARCH_PATHS = "$(inherited) @executable_path/Frameworks @loader_path/Frameworks";
				MODULEMAP_FILE = "Target Support Files/XLPagerTabStrip/XLPagerTabStrip.modulemap";
				PRODUCT_MODULE_NAME = XLPagerTabStrip;
				PRODUCT_NAME = XLPagerTabStrip;
				SDKROOT = iphoneos;
				SKIP_INSTALL = YES;
				SWIFT_ACTIVE_COMPILATION_CONDITIONS = "$(inherited) ";
				SWIFT_OPTIMIZATION_LEVEL = "-Onone";
				SWIFT_VERSION = 4.0;
				TARGETED_DEVICE_FAMILY = "1,2";
				VERSIONING_SYSTEM = "apple-generic";
				VERSION_INFO_PREFIX = "";
			};
			name = Debug;
		};
		C5E0F0B5D827062CFBABD85944185E17 /* Debug */ = {
			isa = XCBuildConfiguration;
			baseConfigurationReference = BAB9B0E76354919CD3D743FBA058029E /* Pods-SlidiningDemo.debug.xcconfig */;
			buildSettings = {
				ALWAYS_EMBED_SWIFT_STANDARD_LIBRARIES = NO;
				CLANG_ENABLE_OBJC_WEAK = NO;
				CODE_SIGN_IDENTITY = "";
				"CODE_SIGN_IDENTITY[sdk=appletvos*]" = "";
				"CODE_SIGN_IDENTITY[sdk=iphoneos*]" = "";
				"CODE_SIGN_IDENTITY[sdk=watchos*]" = "";
				CURRENT_PROJECT_VERSION = 1;
				DEFINES_MODULE = YES;
				DYLIB_COMPATIBILITY_VERSION = 1;
				DYLIB_CURRENT_VERSION = 1;
				DYLIB_INSTALL_NAME_BASE = "@rpath";
				INFOPLIST_FILE = "Target Support Files/Pods-SlidiningDemo/Info.plist";
				INSTALL_PATH = "$(LOCAL_LIBRARY_DIR)/Frameworks";
				IPHONEOS_DEPLOYMENT_TARGET = 11.4;
				LD_RUNPATH_SEARCH_PATHS = "$(inherited) @executable_path/Frameworks @loader_path/Frameworks";
				MACH_O_TYPE = staticlib;
				MODULEMAP_FILE = "Target Support Files/Pods-SlidiningDemo/Pods-SlidiningDemo.modulemap";
				OTHER_LDFLAGS = "";
				OTHER_LIBTOOLFLAGS = "";
				PODS_ROOT = "$(SRCROOT)";
				PRODUCT_BUNDLE_IDENTIFIER = "org.cocoapods.${PRODUCT_NAME:rfc1034identifier}";
				PRODUCT_NAME = "$(TARGET_NAME:c99extidentifier)";
				SDKROOT = iphoneos;
				SKIP_INSTALL = YES;
				SWIFT_ACTIVE_COMPILATION_CONDITIONS = DEBUG;
				SWIFT_OPTIMIZATION_LEVEL = "-Onone";
				TARGETED_DEVICE_FAMILY = "1,2";
				VERSIONING_SYSTEM = "apple-generic";
				VERSION_INFO_PREFIX = "";
			};
			name = Debug;
		};
		EE2262254DE803FB896BC122CEC38F57 /* Release */ = {
			isa = XCBuildConfiguration;
			baseConfigurationReference = A51C7CBDA95E0FCB4DBA3A4CCF903C36 /* XLPagerTabStrip.xcconfig */;
			buildSettings = {
				CODE_SIGN_IDENTITY = "iPhone Developer";
				CONFIGURATION_BUILD_DIR = "$(BUILD_DIR)/$(CONFIGURATION)$(EFFECTIVE_PLATFORM_NAME)/XLPagerTabStrip";
				INFOPLIST_FILE = "Target Support Files/XLPagerTabStrip/ResourceBundle-XLPagerTabStrip-Info.plist";
				IPHONEOS_DEPLOYMENT_TARGET = 8.0;
				PRODUCT_NAME = XLPagerTabStrip;
				SDKROOT = iphoneos;
				SKIP_INSTALL = YES;
				TARGETED_DEVICE_FAMILY = "1,2";
				WRAPPER_EXTENSION = bundle;
			};
			name = Release;
		};
		EFD8A0060AB3063C3070EA7C88FDA4AD /* Release */ = {
			isa = XCBuildConfiguration;
			baseConfigurationReference = E3864EEA4CDE1861BEEC54DDC1D3BE38 /* Pods-SlidiningDemo.release.xcconfig */;
			buildSettings = {
				ALWAYS_EMBED_SWIFT_STANDARD_LIBRARIES = NO;
				CLANG_ENABLE_OBJC_WEAK = NO;
				CODE_SIGN_IDENTITY = "";
				"CODE_SIGN_IDENTITY[sdk=appletvos*]" = "";
				"CODE_SIGN_IDENTITY[sdk=iphoneos*]" = "";
				"CODE_SIGN_IDENTITY[sdk=watchos*]" = "";
				CURRENT_PROJECT_VERSION = 1;
				DEFINES_MODULE = YES;
				DYLIB_COMPATIBILITY_VERSION = 1;
				DYLIB_CURRENT_VERSION = 1;
				DYLIB_INSTALL_NAME_BASE = "@rpath";
				INFOPLIST_FILE = "Target Support Files/Pods-SlidiningDemo/Info.plist";
				INSTALL_PATH = "$(LOCAL_LIBRARY_DIR)/Frameworks";
				IPHONEOS_DEPLOYMENT_TARGET = 11.4;
				LD_RUNPATH_SEARCH_PATHS = "$(inherited) @executable_path/Frameworks @loader_path/Frameworks";
				MACH_O_TYPE = staticlib;
				MODULEMAP_FILE = "Target Support Files/Pods-SlidiningDemo/Pods-SlidiningDemo.modulemap";
				OTHER_LDFLAGS = "";
				OTHER_LIBTOOLFLAGS = "";
				PODS_ROOT = "$(SRCROOT)";
				PRODUCT_BUNDLE_IDENTIFIER = "org.cocoapods.${PRODUCT_NAME:rfc1034identifier}";
				PRODUCT_NAME = "$(TARGET_NAME:c99extidentifier)";
				SDKROOT = iphoneos;
				SKIP_INSTALL = YES;
				SWIFT_OPTIMIZATION_LEVEL = "-Owholemodule";
				TARGETED_DEVICE_FAMILY = "1,2";
				VALIDATE_PRODUCT = YES;
				VERSIONING_SYSTEM = "apple-generic";
				VERSION_INFO_PREFIX = "";
			};
			name = Release;
		};
/* End XCBuildConfiguration section */

/* Begin XCConfigurationList section */
		2D8E8EC45A3A1A1D94AE762CB5028504 /* Build configuration list for PBXProject "Pods" */ = {
			isa = XCConfigurationList;
			buildConfigurations = (
				5DC0083F57E9AB706B46C5B5D73B38D8 /* Debug */,
				AEEA80476F98EB645C4DD53EB2BB6D88 /* Release */,
			);
			defaultConfigurationIsVisible = 0;
			defaultConfigurationName = Release;
		};
		BC20A7535B5B32096C5DBFD0FA44DC2C /* Build configuration list for PBXNativeTarget "XLPagerTabStrip-XLPagerTabStrip" */ = {
			isa = XCConfigurationList;
			buildConfigurations = (
				7EF23816E43463BEF0E95E530B97DCFA /* Debug */,
				EE2262254DE803FB896BC122CEC38F57 /* Release */,
			);
			defaultConfigurationIsVisible = 0;
			defaultConfigurationName = Release;
		};
		EBEA117E7C0D926AC6BF01AB5549A740 /* Build configuration list for PBXNativeTarget "Pods-SlidiningDemo" */ = {
			isa = XCConfigurationList;
			buildConfigurations = (
				C5E0F0B5D827062CFBABD85944185E17 /* Debug */,
				EFD8A0060AB3063C3070EA7C88FDA4AD /* Release */,
			);
			defaultConfigurationIsVisible = 0;
			defaultConfigurationName = Release;
		};
		F13C7385F8C98CAC3254228664ACD69E /* Build configuration list for PBXNativeTarget "XLPagerTabStrip" */ = {
			isa = XCConfigurationList;
			buildConfigurations = (
				BFDB2953BFECEA79A26DAC95FA0658C2 /* Debug */,
				BF3F880035A8609738313A731CDBD729 /* Release */,
			);
			defaultConfigurationIsVisible = 0;
			defaultConfigurationName = Release;
		};
/* End XCConfigurationList section */
	};
	rootObject = D41D8CD98F00B204E9800998ECF8427E /* Project object */;
}
